// !$*UTF8*$!
{
	archiveVersion = 1;
	classes = {
	};
	objectVersion = 46;
	objects = {

/* Begin PBXBuildFile section */
		841DD066B6E4193FA91F488D /* Pods_TwitterDemo.framework in Frameworks */ = {isa = PBXBuildFile; fileRef = A384D966FE157B5967327BC3 /* Pods_TwitterDemo.framework */; };
		94A5226A1C83CB5300C38201 /* AppDelegate.swift in Sources */ = {isa = PBXBuildFile; fileRef = 94A522691C83CB5300C38201 /* AppDelegate.swift */; };
		94A5226F1C83CB5300C38201 /* Main.storyboard in Resources */ = {isa = PBXBuildFile; fileRef = 94A5226D1C83CB5300C38201 /* Main.storyboard */; };
		94A522711C83CB5300C38201 /* Assets.xcassets in Resources */ = {isa = PBXBuildFile; fileRef = 94A522701C83CB5300C38201 /* Assets.xcassets */; };
		94A522741C83CB5300C38201 /* LaunchScreen.storyboard in Resources */ = {isa = PBXBuildFile; fileRef = 94A522721C83CB5300C38201 /* LaunchScreen.storyboard */; };
		94A5227C1C83D38700C38201 /* LoginViewController.swift in Sources */ = {isa = PBXBuildFile; fileRef = 94A5227B1C83D38700C38201 /* LoginViewController.swift */; };
		94A522811C83E52D00C38201 /* User.swift in Sources */ = {isa = PBXBuildFile; fileRef = 94A522801C83E52D00C38201 /* User.swift */; };
		94A522831C83E53B00C38201 /* Tweet.swift in Sources */ = {isa = PBXBuildFile; fileRef = 94A522821C83E53B00C38201 /* Tweet.swift */; };
		94A522851C83EBAA00C38201 /* TwitterClient.swift in Sources */ = {isa = PBXBuildFile; fileRef = 94A522841C83EBAA00C38201 /* TwitterClient.swift */; };
		94D793861C83F37E0002ED71 /* TweetsViewController.swift in Sources */ = {isa = PBXBuildFile; fileRef = 94D793851C83F37E0002ED71 /* TweetsViewController.swift */; };
		94D793891C84046A0002ED71 /* TweetViewCell.swift in Sources */ = {isa = PBXBuildFile; fileRef = 94D793881C84046A0002ED71 /* TweetViewCell.swift */; };
/* End PBXBuildFile section */

/* Begin PBXFileReference section */
		85F68172A4AE8895F51C6544 /* Pods-TwitterDemo.debug.xcconfig */ = {isa = PBXFileReference; includeInIndex = 1; lastKnownFileType = text.xcconfig; name = "Pods-TwitterDemo.debug.xcconfig"; path = "Pods/Target Support Files/Pods-TwitterDemo/Pods-TwitterDemo.debug.xcconfig"; sourceTree = "<group>"; };
		94A522661C83CB5300C38201 /* TwitterDemo.app */ = {isa = PBXFileReference; explicitFileType = wrapper.application; includeInIndex = 0; path = TwitterDemo.app; sourceTree = BUILT_PRODUCTS_DIR; };
		94A522691C83CB5300C38201 /* AppDelegate.swift */ = {isa = PBXFileReference; lastKnownFileType = sourcecode.swift; path = AppDelegate.swift; sourceTree = "<group>"; };
		94A5226E1C83CB5300C38201 /* Base */ = {isa = PBXFileReference; lastKnownFileType = file.storyboard; name = Base; path = Base.lproj/Main.storyboard; sourceTree = "<group>"; };
		94A522701C83CB5300C38201 /* Assets.xcassets */ = {isa = PBXFileReference; lastKnownFileType = folder.assetcatalog; path = Assets.xcassets; sourceTree = "<group>"; };
		94A522731C83CB5300C38201 /* Base */ = {isa = PBXFileReference; lastKnownFileType = file.storyboard; name = Base; path = Base.lproj/LaunchScreen.storyboard; sourceTree = "<group>"; };
		94A522751C83CB5300C38201 /* Info.plist */ = {isa = PBXFileReference; lastKnownFileType = text.plist.xml; path = Info.plist; sourceTree = "<group>"; };
		94A5227B1C83D38700C38201 /* LoginViewController.swift */ = {isa = PBXFileReference; fileEncoding = 4; lastKnownFileType = sourcecode.swift; path = LoginViewController.swift; sourceTree = "<group>"; };
		94A522801C83E52D00C38201 /* User.swift */ = {isa = PBXFileReference; fileEncoding = 4; lastKnownFileType = sourcecode.swift; path = User.swift; sourceTree = "<group>"; };
		94A522821C83E53B00C38201 /* Tweet.swift */ = {isa = PBXFileReference; fileEncoding = 4; lastKnownFileType = sourcecode.swift; path = Tweet.swift; sourceTree = "<group>"; };
		94A522841C83EBAA00C38201 /* TwitterClient.swift */ = {isa = PBXFileReference; fileEncoding = 4; lastKnownFileType = sourcecode.swift; path = TwitterClient.swift; sourceTree = "<group>"; };
		94D793851C83F37E0002ED71 /* TweetsViewController.swift */ = {isa = PBXFileReference; fileEncoding = 4; lastKnownFileType = sourcecode.swift; path = TweetsViewController.swift; sourceTree = "<group>"; };
		94D793881C84046A0002ED71 /* TweetViewCell.swift */ = {isa = PBXFileReference; fileEncoding = 4; lastKnownFileType = sourcecode.swift; path = TweetViewCell.swift; sourceTree = "<group>"; };
		A384D966FE157B5967327BC3 /* Pods_TwitterDemo.framework */ = {isa = PBXFileReference; explicitFileType = wrapper.framework; includeInIndex = 0; path = Pods_TwitterDemo.framework; sourceTree = BUILT_PRODUCTS_DIR; };
		C73870B0BE9D4B57FA14C73B /* Pods-TwitterDemo.release.xcconfig */ = {isa = PBXFileReference; includeInIndex = 1; lastKnownFileType = text.xcconfig; name = "Pods-TwitterDemo.release.xcconfig"; path = "Pods/Target Support Files/Pods-TwitterDemo/Pods-TwitterDemo.release.xcconfig"; sourceTree = "<group>"; };
/* End PBXFileReference section */

/* Begin PBXFrameworksBuildPhase section */
		94A522631C83CB5300C38201 /* Frameworks */ = {
			isa = PBXFrameworksBuildPhase;
			buildActionMask = 2147483647;
			files = (
				841DD066B6E4193FA91F488D /* Pods_TwitterDemo.framework in Frameworks */,
			);
			runOnlyForDeploymentPostprocessing = 0;
		};
/* End PBXFrameworksBuildPhase section */

/* Begin PBXGroup section */
		3D14481523AA37ADE2FD3606 /* Pods */ = {
			isa = PBXGroup;
			children = (
				85F68172A4AE8895F51C6544 /* Pods-TwitterDemo.debug.xcconfig */,
				C73870B0BE9D4B57FA14C73B /* Pods-TwitterDemo.release.xcconfig */,
			);
			name = Pods;
			sourceTree = "<group>";
		};
		94A5225D1C83CB5300C38201 = {
			isa = PBXGroup;
			children = (
				94A522681C83CB5300C38201 /* TwitterDemo */,
				94A522671C83CB5300C38201 /* Products */,
				3D14481523AA37ADE2FD3606 /* Pods */,
				F9836F96DF476B6868D6F9A7 /* Frameworks */,
			);
			sourceTree = "<group>";
		};
		94A522671C83CB5300C38201 /* Products */ = {
			isa = PBXGroup;
			children = (
				94A522661C83CB5300C38201 /* TwitterDemo.app */,
			);
			name = Products;
			sourceTree = "<group>";
		};
		94A522681C83CB5300C38201 /* TwitterDemo */ = {
			isa = PBXGroup;
			children = (
				94D793871C8404550002ED71 /* View */,
				94A5227F1C83E50F00C38201 /* API */,
				94A5227E1C83E50000C38201 /* View Controllers */,
				94A5227D1C83E4F300C38201 /* Models */,
				94A522691C83CB5300C38201 /* AppDelegate.swift */,
				94A5226D1C83CB5300C38201 /* Main.storyboard */,
				94A522701C83CB5300C38201 /* Assets.xcassets */,
				94A522721C83CB5300C38201 /* LaunchScreen.storyboard */,
				94A522751C83CB5300C38201 /* Info.plist */,
			);
			path = TwitterDemo;
			sourceTree = "<group>";
		};
		94A5227D1C83E4F300C38201 /* Models */ = {
			isa = PBXGroup;
			children = (
				94A522801C83E52D00C38201 /* User.swift */,
				94A522821C83E53B00C38201 /* Tweet.swift */,
			);
			name = Models;
			sourceTree = "<group>";
		};
		94A5227E1C83E50000C38201 /* View Controllers */ = {
			isa = PBXGroup;
			children = (
				94A5227B1C83D38700C38201 /* LoginViewController.swift */,
				94D793851C83F37E0002ED71 /* TweetsViewController.swift */,
			);
			name = "View Controllers";
			sourceTree = "<group>";
		};
		94A5227F1C83E50F00C38201 /* API */ = {
			isa = PBXGroup;
			children = (
				94A522841C83EBAA00C38201 /* TwitterClient.swift */,
			);
			name = API;
			sourceTree = "<group>";
		};
		94D793871C8404550002ED71 /* View */ = {
			isa = PBXGroup;
			children = (
				94D793881C84046A0002ED71 /* TweetViewCell.swift */,
			);
			name = View;
			sourceTree = "<group>";
		};
		F9836F96DF476B6868D6F9A7 /* Frameworks */ = {
			isa = PBXGroup;
			children = (
				A384D966FE157B5967327BC3 /* Pods_TwitterDemo.framework */,
			);
			name = Frameworks;
			sourceTree = "<group>";
		};
/* End PBXGroup section */

/* Begin PBXNativeTarget section */
		94A522651C83CB5300C38201 /* TwitterDemo */ = {
			isa = PBXNativeTarget;
			buildConfigurationList = 94A522781C83CB5300C38201 /* Build configuration list for PBXNativeTarget "TwitterDemo" */;
			buildPhases = (
				5A2F4EDF2F6E00D4F92C8167 /* Check Pods Manifest.lock */,
				94A522621C83CB5300C38201 /* Sources */,
				94A522631C83CB5300C38201 /* Frameworks */,
				94A522641C83CB5300C38201 /* Resources */,
				D24C84587AF18612392FE796 /* Embed Pods Frameworks */,
				690048CD1F7995D071CBE9A3 /* Copy Pods Resources */,
			);
			buildRules = (
			);
			dependencies = (
			);
			name = TwitterDemo;
			productName = TwitterDemo;
			productReference = 94A522661C83CB5300C38201 /* TwitterDemo.app */;
			productType = "com.apple.product-type.application";
		};
/* End PBXNativeTarget section */

/* Begin PBXProject section */
		94A5225E1C83CB5300C38201 /* Project object */ = {
			isa = PBXProject;
			attributes = {
				LastSwiftUpdateCheck = 0720;
				LastUpgradeCheck = 0720;
				ORGANIZATIONNAME = Kolton;
				TargetAttributes = {
					94A522651C83CB5300C38201 = {
						CreatedOnToolsVersion = 7.2.1;
					};
				};
			};
			buildConfigurationList = 94A522611C83CB5300C38201 /* Build configuration list for PBXProject "TwitterDemo" */;
			compatibilityVersion = "Xcode 3.2";
			developmentRegion = English;
			hasScannedForEncodings = 0;
			knownRegions = (
				en,
				Base,
			);
			mainGroup = 94A5225D1C83CB5300C38201;
			productRefGroup = 94A522671C83CB5300C38201 /* Products */;
			projectDirPath = "";
			projectRoot = "";
			targets = (
				94A522651C83CB5300C38201 /* TwitterDemo */,
			);
		};
/* End PBXProject section */

/* Begin PBXResourcesBuildPhase section */
		94A522641C83CB5300C38201 /* Resources */ = {
			isa = PBXResourcesBuildPhase;
			buildActionMask = 2147483647;
			files = (
				94A522741C83CB5300C38201 /* LaunchScreen.storyboard in Resources */,
				94A522711C83CB5300C38201 /* Assets.xcassets in Resources */,
				94A5226F1C83CB5300C38201 /* Main.storyboard in Resources */,
			);
			runOnlyForDeploymentPostprocessing = 0;
		};
/* End PBXResourcesBuildPhase section */

/* Begin PBXShellScriptBuildPhase section */
		5A2F4EDF2F6E00D4F92C8167 /* Check Pods Manifest.lock */ = {
			isa = PBXShellScriptBuildPhase;
			buildActionMask = 2147483647;
			files = (
			);
			inputPaths = (
			);
			name = "Check Pods Manifest.lock";
			outputPaths = (
			);
			runOnlyForDeploymentPostprocessing = 0;
			shellPath = /bin/sh;
			shellScript = "diff \"${PODS_ROOT}/../Podfile.lock\" \"${PODS_ROOT}/Manifest.lock\" > /dev/null\nif [[ $? != 0 ]] ; then\n    cat << EOM\nerror: The sandbox is not in sync with the Podfile.lock. Run 'pod install' or update your CocoaPods installation.\nEOM\n    exit 1\nfi\n";
			showEnvVarsInLog = 0;
		};
		690048CD1F7995D071CBE9A3 /* Copy Pods Resources */ = {
			isa = PBXShellScriptBuildPhase;
			buildActionMask = 2147483647;
			files = (
			);
			inputPaths = (
			);
			name = "Copy Pods Resources";
			outputPaths = (
			);
			runOnlyForDeploymentPostprocessing = 0;
			shellPath = /bin/sh;
			shellScript = "\"${SRCROOT}/Pods/Target Support Files/Pods-TwitterDemo/Pods-TwitterDemo-resources.sh\"\n";
			showEnvVarsInLog = 0;
		};
		D24C84587AF18612392FE796 /* Embed Pods Frameworks */ = {
			isa = PBXShellScriptBuildPhase;
			buildActionMask = 2147483647;
			files = (
			);
			inputPaths = (
			);
			name = "Embed Pods Frameworks";
			outputPaths = (
			);
			runOnlyForDeploymentPostprocessing = 0;
			shellPath = /bin/sh;
			shellScript = "\"${SRCROOT}/Pods/Target Support Files/Pods-TwitterDemo/Pods-TwitterDemo-frameworks.sh\"\n";
			showEnvVarsInLog = 0;
		};
/* End PBXShellScriptBuildPhase section */

/* Begin PBXSourcesBuildPhase section */
		94A522621C83CB5300C38201 /* Sources */ = {
			isa = PBXSourcesBuildPhase;
			buildActionMask = 2147483647;
			files = (
				94A522851C83EBAA00C38201 /* TwitterClient.swift in Sources */,
				94A5227C1C83D38700C38201 /* LoginViewController.swift in Sources */,
				94D793861C83F37E0002ED71 /* TweetsViewController.swift in Sources */,
				94A5226A1C83CB5300C38201 /* AppDelegate.swift in Sources */,
				94A522811C83E52D00C38201 /* User.swift in Sources */,
				94A522831C83E53B00C38201 /* Tweet.swift in Sources */,
				94D793891C84046A0002ED71 /* TweetViewCell.swift in Sources */,
			);
			runOnlyForDeploymentPostprocessing = 0;
		};
/* End PBXSourcesBuildPhase section */

/* Begin PBXVariantGroup section */
		94A5226D1C83CB5300C38201 /* Main.storyboard */ = {
			isa = PBXVariantGroup;
			children = (
				94A5226E1C83CB5300C38201 /* Base */,
			);
			name = Main.storyboard;
			sourceTree = "<group>";
		};
		94A522721C83CB5300C38201 /* LaunchScreen.storyboard */ = {
			isa = PBXVariantGroup;
			children = (
				94A522731C83CB5300C38201 /* Base */,
			);
			name = LaunchScreen.storyboard;
			sourceTree = "<group>";
		};
/* End PBXVariantGroup section */

/* Begin XCBuildConfiguration section */
		94A522761C83CB5300C38201 /* Debug */ = {
			isa = XCBuildConfiguration;
			buildSettings = {
				ALWAYS_SEARCH_USER_PATHS = NO;
				CLANG_CXX_LANGUAGE_STANDARD = "gnu++0x";
				CLANG_CXX_LIBRARY = "libc++";
				CLANG_ENABLE_MODULES = YES;
				CLANG_ENABLE_OBJC_ARC = YES;
				CLANG_WARN_BOOL_CONVERSION = YES;
				CLANG_WARN_CONSTANT_CONVERSION = YES;
				CLANG_WARN_DIRECT_OBJC_ISA_USAGE = YES_ERROR;
				CLANG_WARN_EMPTY_BODY = YES;
				CLANG_WARN_ENUM_CONVERSION = YES;
				CLANG_WARN_INT_CONVERSION = YES;
				CLANG_WARN_OBJC_ROOT_CLASS = YES_ERROR;
				CLANG_WARN_UNREACHABLE_CODE = YES;
				CLANG_WARN__DUPLICATE_METHOD_MATCH = YES;
				"CODE_SIGN_IDENTITY[sdk=iphoneos*]" = "iPhone Developer";
				COPY_PHASE_STRIP = NO;
				DEBUG_INFORMATION_FORMAT = dwarf;
				ENABLE_STRICT_OBJC_MSGSEND = YES;
				ENABLE_TESTABILITY = YES;
				GCC_C_LANGUAGE_STANDARD = gnu99;
				GCC_DYNAMIC_NO_PIC = NO;
				GCC_NO_COMMON_BLOCKS = YES;
				GCC_OPTIMIZATION_LEVEL = 0;
				GCC_PREPROCESSOR_DEFINITIONS = (
					"DEBUG=1",
					"$(inherited)",
				);
				GCC_WARN_64_TO_32_BIT_CONVERSION = YES;
				GCC_WARN_ABOUT_RETURN_TYPE = YES_ERROR;
				GCC_WARN_UNDECLARED_SELECTOR = YES;
				GCC_WARN_UNINITIALIZED_AUTOS = YES_AGGRESSIVE;
				GCC_WARN_UNUSED_FUNCTION = YES;
				GCC_WARN_UNUSED_VARIABLE = YES;
				IPHONEOS_DEPLOYMENT_TARGET = 9.2;
				MTL_ENABLE_DEBUG_INFO = YES;
				ONLY_ACTIVE_ARCH = YES;
				SDKROOT = iphoneos;
				SWIFT_OPTIMIZATION_LEVEL = "-Onone";
			};
			name = Debug;
		};
		94A522771C83CB5300C38201 /* Release */ = {
			isa = XCBuildConfiguration;
			buildSettings = {
				ALWAYS_SEARCH_USER_PATHS = NO;
				CLANG_CXX_LANGUAGE_STANDARD = "gnu++0x";
				CLANG_CXX_LIBRARY = "libc++";
				CLANG_ENABLE_MODULES = YES;
				CLANG_ENABLE_OBJC_ARC = YES;
				CLANG_WARN_BOOL_CONVERSION = YES;
				CLANG_WARN_CONSTANT_CONVERSION = YES;
				CLANG_WARN_DIRECT_OBJC_ISA_USAGE = YES_ERROR;
				CLANG_WARN_EMPTY_BODY = YES;
				CLANG_WARN_ENUM_CONVERSION = YES;
				CLANG_WARN_INT_CONVERSION = YES;
				CLANG_WARN_OBJC_ROOT_CLASS = YES_ERROR;
				CLANG_WARN_UNREACHABLE_CODE = YES;
				CLANG_WARN__DUPLICATE_METHOD_MATCH = YES;
				"CODE_SIGN_IDENTITY[sdk=iphoneos*]" = "iPhone Developer";
				COPY_PHASE_STRIP = NO;
				DEBUG_INFORMATION_FORMAT = "dwarf-with-dsym";
				ENABLE_NS_ASSERTIONS = NO;
				ENABLE_STRICT_OBJC_MSGSEND = YES;
				GCC_C_LANGUAGE_STANDARD = gnu99;
				GCC_NO_COMMON_BLOCKS = YES;
				GCC_WARN_64_TO_32_BIT_CONVERSION = YES;
				GCC_WARN_ABOUT_RETURN_TYPE = YES_ERROR;
				GCC_WARN_UNDECLARED_SELECTOR = YES;
				GCC_WARN_UNINITIALIZED_AUTOS = YES_AGGRESSIVE;
				GCC_WARN_UNUSED_FUNCTION = YES;
				GCC_WARN_UNUSED_VARIABLE = YES;
				IPHONEOS_DEPLOYMENT_TARGET = 9.2;
				MTL_ENABLE_DEBUG_INFO = NO;
				SDKROOT = iphoneos;
				VALIDATE_PRODUCT = YES;
			};
			name = Release;
		};
		94A522791C83CB5300C38201 /* Debug */ = {
			isa = XCBuildConfiguration;
			baseConfigurationReference = 85F68172A4AE8895F51C6544 /* Pods-TwitterDemo.debug.xcconfig */;
			buildSettings = {
				ASSETCATALOG_COMPILER_APPICON_NAME = AppIcon;
				INFOPLIST_FILE = TwitterDemo/Info.plist;
				LD_RUNPATH_SEARCH_PATHS = "$(inherited) @executable_path/Frameworks";
				PRODUCT_BUNDLE_IDENTIFIER = com.codepath.TwitterDemo;
				PRODUCT_NAME = "$(TARGET_NAME)";
			};
			name = Debug;
		};
		94A5227A1C83CB5300C38201 /* Release */ = {
			isa = XCBuildConfiguration;
			baseConfigurationReference = C73870B0BE9D4B57FA14C73B /* Pods-TwitterDemo.release.xcconfig */;
			buildSettings = {
				ASSETCATALOG_COMPILER_APPICON_NAME = AppIcon;
				INFOPLIST_FILE = TwitterDemo/Info.plist;
				LD_RUNPATH_SEARCH_PATHS = "$(inherited) @executable_path/Frameworks";
				PRODUCT_BUNDLE_IDENTIFIER = com.codepath.TwitterDemo;
				PRODUCT_NAME = "$(TARGET_NAME)";
			};
			name = Release;
		};
/* End XCBuildConfiguration section */

/* Begin XCConfigurationList section */
		94A522611C83CB5300C38201 /* Build configuration list for PBXProject "TwitterDemo" */ = {
			isa = XCConfigurationList;
			buildConfigurations = (
				94A522761C83CB5300C38201 /* Debug */,
				94A522771C83CB5300C38201 /* Release */,
			);
			defaultConfigurationIsVisible = 0;
			defaultConfigurationName = Release;
		};
		94A522781C83CB5300C38201 /* Build configuration list for PBXNativeTarget "TwitterDemo" */ = {
			isa = XCConfigurationList;
			buildConfigurations = (
				94A522791C83CB5300C38201 /* Debug */,
				94A5227A1C83CB5300C38201 /* Release */,
			);
			defaultConfigurationIsVisible = 0;
			defaultConfigurationName = Release;
		};
/* End XCConfigurationList section */
	};
	rootObject = 94A5225E1C83CB5300C38201 /* Project object */;
}
